// !$*UTF8*$!
{
	archiveVersion = 1;
	classes = {
	};
	objectVersion = 56;
	objects = {

/* Begin PBXBuildFile section */
		493AB01F2B9F5AC800156120 /* BigBangApp.swift in Sources */ = {isa = PBXBuildFile; fileRef = 493AB01E2B9F5AC800156120 /* BigBangApp.swift */; };
		493AB0212B9F5AC800156120 /* ContentView.swift in Sources */ = {isa = PBXBuildFile; fileRef = 493AB0202B9F5AC800156120 /* ContentView.swift */; };
		493AB0232B9F5AC800156120 /* Item.swift in Sources */ = {isa = PBXBuildFile; fileRef = 493AB0222B9F5AC800156120 /* Item.swift */; };
		493AB0252B9F5AC900156120 /* Assets.xcassets in Resources */ = {isa = PBXBuildFile; fileRef = 493AB0242B9F5AC900156120 /* Assets.xcassets */; };
		493AB0292B9F5AC900156120 /* Preview Assets.xcassets in Resources */ = {isa = PBXBuildFile; fileRef = 493AB0282B9F5AC900156120 /* Preview Assets.xcassets */; };
		493AB0332B9F5ACA00156120 /* BigBangTests.swift in Sources */ = {isa = PBXBuildFile; fileRef = 493AB0322B9F5ACA00156120 /* BigBangTests.swift */; };
		493AB03D2B9F5ACA00156120 /* BigBangUITests.swift in Sources */ = {isa = PBXBuildFile; fileRef = 493AB03C2B9F5ACA00156120 /* BigBangUITests.swift */; };
		493AB03F2B9F5ACA00156120 /* BigBangUITestsLaunchTests.swift in Sources */ = {isa = PBXBuildFile; fileRef = 493AB03E2B9F5ACA00156120 /* BigBangUITestsLaunchTests.swift */; };
/* End PBXBuildFile section */

/* Begin PBXContainerItemProxy section */
		493AB02F2B9F5ACA00156120 /* PBXContainerItemProxy */ = {
			isa = PBXContainerItemProxy;
			containerPortal = 493AB0132B9F5AC800156120 /* Project object */;
			proxyType = 1;
			remoteGlobalIDString = 493AB01A2B9F5AC800156120;
			remoteInfo = BigBang;
		};
		493AB0392B9F5ACA00156120 /* PBXContainerItemProxy */ = {
			isa = PBXContainerItemProxy;
			containerPortal = 493AB0132B9F5AC800156120 /* Project object */;
			proxyType = 1;
			remoteGlobalIDString = 493AB01A2B9F5AC800156120;
			remoteInfo = BigBang;
		};
/* End PBXContainerItemProxy section */

/* Begin PBXFileReference section */
		493AB01B2B9F5AC800156120 /* BigBang.app */ = {isa = PBXFileReference; explicitFileType = wrapper.application; includeInIndex = 0; path = BigBang.app; sourceTree = BUILT_PRODUCTS_DIR; };
		493AB01E2B9F5AC800156120 /* BigBangApp.swift */ = {isa = PBXFileReference; lastKnownFileType = sourcecode.swift; path = BigBangApp.swift; sourceTree = "<group>"; };
		493AB0202B9F5AC800156120 /* ContentView.swift */ = {isa = PBXFileReference; lastKnownFileType = sourcecode.swift; path = ContentView.swift; sourceTree = "<group>"; };
		493AB0222B9F5AC800156120 /* Item.swift */ = {isa = PBXFileReference; lastKnownFileType = sourcecode.swift; path = Item.swift; sourceTree = "<group>"; };
		493AB0242B9F5AC900156120 /* Assets.xcassets */ = {isa = PBXFileReference; lastKnownFileType = folder.assetcatalog; path = Assets.xcassets; sourceTree = "<group>"; };
		493AB0262B9F5AC900156120 /* BigBang.entitlements */ = {isa = PBXFileReference; lastKnownFileType = text.plist.entitlements; path = BigBang.entitlements; sourceTree = "<group>"; };
		493AB0282B9F5AC900156120 /* Preview Assets.xcassets */ = {isa = PBXFileReference; lastKnownFileType = folder.assetcatalog; path = "Preview Assets.xcassets"; sourceTree = "<group>"; };
		493AB02E2B9F5ACA00156120 /* BigBangTests.xctest */ = {isa = PBXFileReference; explicitFileType = wrapper.cfbundle; includeInIndex = 0; path = BigBangTests.xctest; sourceTree = BUILT_PRODUCTS_DIR; };
		493AB0322B9F5ACA00156120 /* BigBangTests.swift */ = {isa = PBXFileReference; lastKnownFileType = sourcecode.swift; path = BigBangTests.swift; sourceTree = "<group>"; };
		493AB0382B9F5ACA00156120 /* BigBangUITests.xctest */ = {isa = PBXFileReference; explicitFileType = wrapper.cfbundle; includeInIndex = 0; path = BigBangUITests.xctest; sourceTree = BUILT_PRODUCTS_DIR; };
		493AB03C2B9F5ACA00156120 /* BigBangUITests.swift */ = {isa = PBXFileReference; lastKnownFileType = sourcecode.swift; path = BigBangUITests.swift; sourceTree = "<group>"; };
		493AB03E2B9F5ACA00156120 /* BigBangUITestsLaunchTests.swift */ = {isa = PBXFileReference; lastKnownFileType = sourcecode.swift; path = BigBangUITestsLaunchTests.swift; sourceTree = "<group>"; };
/* End PBXFileReference section */

/* Begin PBXFrameworksBuildPhase section */
		493AB0182B9F5AC800156120 /* Frameworks */ = {
			isa = PBXFrameworksBuildPhase;
			buildActionMask = 2147483647;
			files = (
			);
			runOnlyForDeploymentPostprocessing = 0;
		};
		493AB02B2B9F5ACA00156120 /* Frameworks */ = {
			isa = PBXFrameworksBuildPhase;
			buildActionMask = 2147483647;
			files = (
			);
			runOnlyForDeploymentPostprocessing = 0;
		};
		493AB0352B9F5ACA00156120 /* Frameworks */ = {
			isa = PBXFrameworksBuildPhase;
			buildActionMask = 2147483647;
			files = (
			);
			runOnlyForDeploymentPostprocessing = 0;
		};
/* End PBXFrameworksBuildPhase section */

/* Begin PBXGroup section */
		493AB0122B9F5AC800156120 = {
			isa = PBXGroup;
			children = (
				493AB01D2B9F5AC800156120 /* BigBang */,
				493AB0312B9F5ACA00156120 /* BigBangTests */,
				493AB03B2B9F5ACA00156120 /* BigBangUITests */,
				493AB01C2B9F5AC800156120 /* Products */,
			);
			sourceTree = "<group>";
		};
		493AB01C2B9F5AC800156120 /* Products */ = {
			isa = PBXGroup;
			children = (
				493AB01B2B9F5AC800156120 /* BigBang.app */,
				493AB02E2B9F5ACA00156120 /* BigBangTests.xctest */,
				493AB0382B9F5ACA00156120 /* BigBangUITests.xctest */,
			);
			name = Products;
			sourceTree = "<group>";
		};
		493AB01D2B9F5AC800156120 /* BigBang */ = {
			isa = PBXGroup;
			children = (
				493AB01E2B9F5AC800156120 /* BigBangApp.swift */,
				493AB0202B9F5AC800156120 /* ContentView.swift */,
				493AB0222B9F5AC800156120 /* Item.swift */,
				493AB0242B9F5AC900156120 /* Assets.xcassets */,
				493AB0262B9F5AC900156120 /* BigBang.entitlements */,
				493AB0272B9F5AC900156120 /* Preview Content */,
			);
			path = BigBang;
			sourceTree = "<group>";
		};
		493AB0272B9F5AC900156120 /* Preview Content */ = {
			isa = PBXGroup;
			children = (
				493AB0282B9F5AC900156120 /* Preview Assets.xcassets */,
			);
			path = "Preview Content";
			sourceTree = "<group>";
		};
		493AB0312B9F5ACA00156120 /* BigBangTests */ = {
			isa = PBXGroup;
			children = (
				493AB0322B9F5ACA00156120 /* BigBangTests.swift */,
			);
			path = BigBangTests;
			sourceTree = "<group>";
		};
		493AB03B2B9F5ACA00156120 /* BigBangUITests */ = {
			isa = PBXGroup;
			children = (
				493AB03C2B9F5ACA00156120 /* BigBangUITests.swift */,
				493AB03E2B9F5ACA00156120 /* BigBangUITestsLaunchTests.swift */,
			);
			path = BigBangUITests;
			sourceTree = "<group>";
		};
/* End PBXGroup section */

/* Begin PBXNativeTarget section */
		493AB01A2B9F5AC800156120 /* BigBang */ = {
			isa = PBXNativeTarget;
			buildConfigurationList = 493AB0422B9F5ACA00156120 /* Build configuration list for PBXNativeTarget "BigBang" */;
			buildPhases = (
				493AB0172B9F5AC800156120 /* Sources */,
				493AB0182B9F5AC800156120 /* Frameworks */,
				493AB0192B9F5AC800156120 /* Resources */,
			);
			buildRules = (
			);
			dependencies = (
			);
			name = BigBang;
			productName = BigBang;
			productReference = 493AB01B2B9F5AC800156120 /* BigBang.app */;
			productType = "com.apple.product-type.application";
		};
		493AB02D2B9F5ACA00156120 /* BigBangTests */ = {
			isa = PBXNativeTarget;
			buildConfigurationList = 493AB0452B9F5ACA00156120 /* Build configuration list for PBXNativeTarget "BigBangTests" */;
			buildPhases = (
				493AB02A2B9F5ACA00156120 /* Sources */,
				493AB02B2B9F5ACA00156120 /* Frameworks */,
				493AB02C2B9F5ACA00156120 /* Resources */,
			);
			buildRules = (
			);
			dependencies = (
				493AB0302B9F5ACA00156120 /* PBXTargetDependency */,
			);
			name = BigBangTests;
			productName = BigBangTests;
			productReference = 493AB02E2B9F5ACA00156120 /* BigBangTests.xctest */;
			productType = "com.apple.product-type.bundle.unit-test";
		};
		493AB0372B9F5ACA00156120 /* BigBangUITests */ = {
			isa = PBXNativeTarget;
			buildConfigurationList = 493AB0482B9F5ACA00156120 /* Build configuration list for PBXNativeTarget "BigBangUITests" */;
			buildPhases = (
				493AB0342B9F5ACA00156120 /* Sources */,
				493AB0352B9F5ACA00156120 /* Frameworks */,
				493AB0362B9F5ACA00156120 /* Resources */,
			);
			buildRules = (
			);
			dependencies = (
				493AB03A2B9F5ACA00156120 /* PBXTargetDependency */,
			);
			name = BigBangUITests;
			productName = BigBangUITests;
			productReference = 493AB0382B9F5ACA00156120 /* BigBangUITests.xctest */;
			productType = "com.apple.product-type.bundle.ui-testing";
		};
/* End PBXNativeTarget section */

/* Begin PBXProject section */
		493AB0132B9F5AC800156120 /* Project object */ = {
			isa = PBXProject;
			attributes = {
				BuildIndependentTargetsInParallel = 1;
				LastSwiftUpdateCheck = 1530;
				LastUpgradeCheck = 1530;
				TargetAttributes = {
					493AB01A2B9F5AC800156120 = {
						CreatedOnToolsVersion = 15.3;
					};
					493AB02D2B9F5ACA00156120 = {
						CreatedOnToolsVersion = 15.3;
						TestTargetID = 493AB01A2B9F5AC800156120;
					};
					493AB0372B9F5ACA00156120 = {
						CreatedOnToolsVersion = 15.3;
						TestTargetID = 493AB01A2B9F5AC800156120;
					};
				};
			};
			buildConfigurationList = 493AB0162B9F5AC800156120 /* Build configuration list for PBXProject "BigBang" */;
			compatibilityVersion = "Xcode 14.0";
			developmentRegion = en;
			hasScannedForEncodings = 0;
			knownRegions = (
				en,
				Base,
			);
			mainGroup = 493AB0122B9F5AC800156120;
			productRefGroup = 493AB01C2B9F5AC800156120 /* Products */;
			projectDirPath = "";
			projectRoot = "";
			targets = (
				493AB01A2B9F5AC800156120 /* BigBang */,
				493AB02D2B9F5ACA00156120 /* BigBangTests */,
				493AB0372B9F5ACA00156120 /* BigBangUITests */,
			);
		};
/* End PBXProject section */

/* Begin PBXResourcesBuildPhase section */
		493AB0192B9F5AC800156120 /* Resources */ = {
			isa = PBXResourcesBuildPhase;
			buildActionMask = 2147483647;
			files = (
				493AB0292B9F5AC900156120 /* Preview Assets.xcassets in Resources */,
				493AB0252B9F5AC900156120 /* Assets.xcassets in Resources */,
			);
			runOnlyForDeploymentPostprocessing = 0;
		};
		493AB02C2B9F5ACA00156120 /* Resources */ = {
			isa = PBXResourcesBuildPhase;
			buildActionMask = 2147483647;
			files = (
			);
			runOnlyForDeploymentPostprocessing = 0;
		};
		493AB0362B9F5ACA00156120 /* Resources */ = {
			isa = PBXResourcesBuildPhase;
			buildActionMask = 2147483647;
			files = (
			);
			runOnlyForDeploymentPostprocessing = 0;
		};
/* End PBXResourcesBuildPhase section */

/* Begin PBXSourcesBuildPhase section */
		493AB0172B9F5AC800156120 /* Sources */ = {
			isa = PBXSourcesBuildPhase;
			buildActionMask = 2147483647;
			files = (
				493AB0212B9F5AC800156120 /* ContentView.swift in Sources */,
				493AB0232B9F5AC800156120 /* Item.swift in Sources */,
				493AB01F2B9F5AC800156120 /* BigBangApp.swift in Sources */,
			);
			runOnlyForDeploymentPostprocessing = 0;
		};
		493AB02A2B9F5ACA00156120 /* Sources */ = {
			isa = PBXSourcesBuildPhase;
			buildActionMask = 2147483647;
			files = (
				493AB0332B9F5ACA00156120 /* BigBangTests.swift in Sources */,
			);
			runOnlyForDeploymentPostprocessing = 0;
		};
		493AB0342B9F5ACA00156120 /* Sources */ = {
			isa = PBXSourcesBuildPhase;
			buildActionMask = 2147483647;
			files = (
				493AB03D2B9F5ACA00156120 /* BigBangUITests.swift in Sources */,
				493AB03F2B9F5ACA00156120 /* BigBangUITestsLaunchTests.swift in Sources */,
			);
			runOnlyForDeploymentPostprocessing = 0;
		};
/* End PBXSourcesBuildPhase section */

/* Begin PBXTargetDependency section */
		493AB0302B9F5ACA00156120 /* PBXTargetDependency */ = {
			isa = PBXTargetDependency;
			target = 493AB01A2B9F5AC800156120 /* BigBang */;
			targetProxy = 493AB02F2B9F5ACA00156120 /* PBXContainerItemProxy */;
		};
		493AB03A2B9F5ACA00156120 /* PBXTargetDependency */ = {
			isa = PBXTargetDependency;
			target = 493AB01A2B9F5AC800156120 /* BigBang */;
			targetProxy = 493AB0392B9F5ACA00156120 /* PBXContainerItemProxy */;
		};
/* End PBXTargetDependency section */

/* Begin XCBuildConfiguration section */
		493AB0402B9F5ACA00156120 /* Debug */ = {
			isa = XCBuildConfiguration;
			buildSettings = {
				ALWAYS_SEARCH_USER_PATHS = NO;
				ASSETCATALOG_COMPILER_GENERATE_SWIFT_ASSET_SYMBOL_EXTENSIONS = YES;
				CLANG_ANALYZER_NONNULL = YES;
				CLANG_ANALYZER_NUMBER_OBJECT_CONVERSION = YES_AGGRESSIVE;
				CLANG_CXX_LANGUAGE_STANDARD = "gnu++20";
				CLANG_ENABLE_MODULES = YES;
				CLANG_ENABLE_OBJC_ARC = YES;
				CLANG_ENABLE_OBJC_WEAK = YES;
				CLANG_WARN_BLOCK_CAPTURE_AUTORELEASING = YES;
				CLANG_WARN_BOOL_CONVERSION = YES;
				CLANG_WARN_COMMA = YES;
				CLANG_WARN_CONSTANT_CONVERSION = YES;
				CLANG_WARN_DEPRECATED_OBJC_IMPLEMENTATIONS = YES;
				CLANG_WARN_DIRECT_OBJC_ISA_USAGE = YES_ERROR;
				CLANG_WARN_DOCUMENTATION_COMMENTS = YES;
				CLANG_WARN_EMPTY_BODY = YES;
				CLANG_WARN_ENUM_CONVERSION = YES;
				CLANG_WARN_INFINITE_RECURSION = YES;
				CLANG_WARN_INT_CONVERSION = YES;
				CLANG_WARN_NON_LITERAL_NULL_CONVERSION = YES;
				CLANG_WARN_OBJC_IMPLICIT_RETAIN_SELF = YES;
				CLANG_WARN_OBJC_LITERAL_CONVERSION = YES;
				CLANG_WARN_OBJC_ROOT_CLASS = YES_ERROR;
				CLANG_WARN_QUOTED_INCLUDE_IN_FRAMEWORK_HEADER = YES;
				CLANG_WARN_RANGE_LOOP_ANALYSIS = YES;
				CLANG_WARN_STRICT_PROTOTYPES = YES;
				CLANG_WARN_SUSPICIOUS_MOVE = YES;
				CLANG_WARN_UNGUARDED_AVAILABILITY = YES_AGGRESSIVE;
				CLANG_WARN_UNREACHABLE_CODE = YES;
				CLANG_WARN__DUPLICATE_METHOD_MATCH = YES;
				COPY_PHASE_STRIP = NO;
				DEBUG_INFORMATION_FORMAT = dwarf;
				ENABLE_STRICT_OBJC_MSGSEND = YES;
				ENABLE_TESTABILITY = YES;
				ENABLE_USER_SCRIPT_SANDBOXING = YES;
				GCC_C_LANGUAGE_STANDARD = gnu17;
				GCC_DYNAMIC_NO_PIC = NO;
				GCC_NO_COMMON_BLOCKS = YES;
				GCC_OPTIMIZATION_LEVEL = 0;
				GCC_PREPROCESSOR_DEFINITIONS = (
					"DEBUG=1",
					"$(inherited)",
				);
				GCC_WARN_64_TO_32_BIT_CONVERSION = YES;
				GCC_WARN_ABOUT_RETURN_TYPE = YES_ERROR;
				GCC_WARN_UNDECLARED_SELECTOR = YES;
				GCC_WARN_UNINITIALIZED_AUTOS = YES_AGGRESSIVE;
				GCC_WARN_UNUSED_FUNCTION = YES;
				GCC_WARN_UNUSED_VARIABLE = YES;
				LOCALIZATION_PREFERS_STRING_CATALOGS = YES;
				MTL_ENABLE_DEBUG_INFO = INCLUDE_SOURCE;
				MTL_FAST_MATH = YES;
				ONLY_ACTIVE_ARCH = YES;
				SWIFT_ACTIVE_COMPILATION_CONDITIONS = "DEBUG $(inherited)";
				SWIFT_OPTIMIZATION_LEVEL = "-Onone";
			};
			name = Debug;
		};
		493AB0412B9F5ACA00156120 /* Release */ = {
			isa = XCBuildConfiguration;
			buildSettings = {
				ALWAYS_SEARCH_USER_PATHS = NO;
				ASSETCATALOG_COMPILER_GENERATE_SWIFT_ASSET_SYMBOL_EXTENSIONS = YES;
				CLANG_ANALYZER_NONNULL = YES;
				CLANG_ANALYZER_NUMBER_OBJECT_CONVERSION = YES_AGGRESSIVE;
				CLANG_CXX_LANGUAGE_STANDARD = "gnu++20";
				CLANG_ENABLE_MODULES = YES;
				CLANG_ENABLE_OBJC_ARC = YES;
				CLANG_ENABLE_OBJC_WEAK = YES;
				CLANG_WARN_BLOCK_CAPTURE_AUTORELEASING = YES;
				CLANG_WARN_BOOL_CONVERSION = YES;
				CLANG_WARN_COMMA = YES;
				CLANG_WARN_CONSTANT_CONVERSION = YES;
				CLANG_WARN_DEPRECATED_OBJC_IMPLEMENTATIONS = YES;
				CLANG_WARN_DIRECT_OBJC_ISA_USAGE = YES_ERROR;
				CLANG_WARN_DOCUMENTATION_COMMENTS = YES;
				CLANG_WARN_EMPTY_BODY = YES;
				CLANG_WARN_ENUM_CONVERSION = YES;
				CLANG_WARN_INFINITE_RECURSION = YES;
				CLANG_WARN_INT_CONVERSION = YES;
				CLANG_WARN_NON_LITERAL_NULL_CONVERSION = YES;
				CLANG_WARN_OBJC_IMPLICIT_RETAIN_SELF = YES;
				CLANG_WARN_OBJC_LITERAL_CONVERSION = YES;
				CLANG_WARN_OBJC_ROOT_CLASS = YES_ERROR;
				CLANG_WARN_QUOTED_INCLUDE_IN_FRAMEWORK_HEADER = YES;
				CLANG_WARN_RANGE_LOOP_ANALYSIS = YES;
				CLANG_WARN_STRICT_PROTOTYPES = YES;
				CLANG_WARN_SUSPICIOUS_MOVE = YES;
				CLANG_WARN_UNGUARDED_AVAILABILITY = YES_AGGRESSIVE;
				CLANG_WARN_UNREACHABLE_CODE = YES;
				CLANG_WARN__DUPLICATE_METHOD_MATCH = YES;
				COPY_PHASE_STRIP = NO;
				DEBUG_INFORMATION_FORMAT = "dwarf-with-dsym";
				ENABLE_NS_ASSERTIONS = NO;
				ENABLE_STRICT_OBJC_MSGSEND = YES;
				ENABLE_USER_SCRIPT_SANDBOXING = YES;
				GCC_C_LANGUAGE_STANDARD = gnu17;
				GCC_NO_COMMON_BLOCKS = YES;
				GCC_WARN_64_TO_32_BIT_CONVERSION = YES;
				GCC_WARN_ABOUT_RETURN_TYPE = YES_ERROR;
				GCC_WARN_UNDECLARED_SELECTOR = YES;
				GCC_WARN_UNINITIALIZED_AUTOS = YES_AGGRESSIVE;
				GCC_WARN_UNUSED_FUNCTION = YES;
				GCC_WARN_UNUSED_VARIABLE = YES;
				LOCALIZATION_PREFERS_STRING_CATALOGS = YES;
				MTL_ENABLE_DEBUG_INFO = NO;
				MTL_FAST_MATH = YES;
				SWIFT_COMPILATION_MODE = wholemodule;
			};
			name = Release;
		};
		493AB0432B9F5ACA00156120 /* Debug */ = {
			isa = XCBuildConfiguration;
			buildSettings = {
				ASSETCATALOG_COMPILER_APPICON_NAME = AppIcon;
				ASSETCATALOG_COMPILER_GLOBAL_ACCENT_COLOR_NAME = AccentColor;
				CODE_SIGN_ENTITLEMENTS = BigBang/BigBang.entitlements;
				CODE_SIGN_STYLE = Automatic;
				CURRENT_PROJECT_VERSION = 1;
				DEVELOPMENT_ASSET_PATHS = "\"BigBang/Preview Content\"";
				ENABLE_PREVIEWS = YES;
				GENERATE_INFOPLIST_FILE = YES;
				"INFOPLIST_KEY_UIApplicationSceneManifest_Generation[sdk=iphoneos*]" = YES;
				"INFOPLIST_KEY_UIApplicationSceneManifest_Generation[sdk=iphonesimulator*]" = YES;
				"INFOPLIST_KEY_UIApplicationSupportsIndirectInputEvents[sdk=iphoneos*]" = YES;
				"INFOPLIST_KEY_UIApplicationSupportsIndirectInputEvents[sdk=iphonesimulator*]" = YES;
				"INFOPLIST_KEY_UILaunchScreen_Generation[sdk=iphoneos*]" = YES;
				"INFOPLIST_KEY_UILaunchScreen_Generation[sdk=iphonesimulator*]" = YES;
				"INFOPLIST_KEY_UIStatusBarStyle[sdk=iphoneos*]" = UIStatusBarStyleDefault;
				"INFOPLIST_KEY_UIStatusBarStyle[sdk=iphonesimulator*]" = UIStatusBarStyleDefault;
				INFOPLIST_KEY_UISupportedInterfaceOrientations_iPad = "UIInterfaceOrientationPortrait UIInterfaceOrientationPortraitUpsideDown UIInterfaceOrientationLandscapeLeft UIInterfaceOrientationLandscapeRight";
				INFOPLIST_KEY_UISupportedInterfaceOrientations_iPhone = "UIInterfaceOrientationPortrait UIInterfaceOrientationLandscapeLeft UIInterfaceOrientationLandscapeRight";
				IPHONEOS_DEPLOYMENT_TARGET = 17.4;
				LD_RUNPATH_SEARCH_PATHS = "@executable_path/Frameworks";
				"LD_RUNPATH_SEARCH_PATHS[sdk=macosx*]" = "@executable_path/../Frameworks";
				MACOSX_DEPLOYMENT_TARGET = 14.0;
				MARKETING_VERSION = 1.0;
				PRODUCT_BUNDLE_IDENTIFIER = net.libsystem.BigBang;
				PRODUCT_NAME = "$(TARGET_NAME)";
				SDKROOT = auto;
				SUPPORTED_PLATFORMS = "iphoneos iphonesimulator macosx";
				SWIFT_EMIT_LOC_STRINGS = YES;
				SWIFT_VERSION = 5.0;
				TARGETED_DEVICE_FAMILY = "1,2";
			};
			name = Debug;
		};
		493AB0442B9F5ACA00156120 /* Release */ = {
			isa = XCBuildConfiguration;
			buildSettings = {
				ASSETCATALOG_COMPILER_APPICON_NAME = AppIcon;
				ASSETCATALOG_COMPILER_GLOBAL_ACCENT_COLOR_NAME = AccentColor;
				CODE_SIGN_ENTITLEMENTS = BigBang/BigBang.entitlements;
				CODE_SIGN_STYLE = Automatic;
				CURRENT_PROJECT_VERSION = 1;
				DEVELOPMENT_ASSET_PATHS = "\"BigBang/Preview Content\"";
				ENABLE_PREVIEWS = YES;
				GENERATE_INFOPLIST_FILE = YES;
				"INFOPLIST_KEY_UIApplicationSceneManifest_Generation[sdk=iphoneos*]" = YES;
				"INFOPLIST_KEY_UIApplicationSceneManifest_Generation[sdk=iphonesimulator*]" = YES;
				"INFOPLIST_KEY_UIApplicationSupportsIndirectInputEvents[sdk=iphoneos*]" = YES;
				"INFOPLIST_KEY_UIApplicationSupportsIndirectInputEvents[sdk=iphonesimulator*]" = YES;
				"INFOPLIST_KEY_UILaunchScreen_Generation[sdk=iphoneos*]" = YES;
				"INFOPLIST_KEY_UILaunchScreen_Generation[sdk=iphonesimulator*]" = YES;
				"INFOPLIST_KEY_UIStatusBarStyle[sdk=iphoneos*]" = UIStatusBarStyleDefault;
				"INFOPLIST_KEY_UIStatusBarStyle[sdk=iphonesimulator*]" = UIStatusBarStyleDefault;
				INFOPLIST_KEY_UISupportedInterfaceOrientations_iPad = "UIInterfaceOrientationPortrait UIInterfaceOrientationPortraitUpsideDown UIInterfaceOrientationLandscapeLeft UIInterfaceOrientationLandscapeRight";
				INFOPLIST_KEY_UISupportedInterfaceOrientations_iPhone = "UIInterfaceOrientationPortrait UIInterfaceOrientationLandscapeLeft UIInterfaceOrientationLandscapeRight";
				IPHONEOS_DEPLOYMENT_TARGET = 17.4;
				LD_RUNPATH_SEARCH_PATHS = "@executable_path/Frameworks";
				"LD_RUNPATH_SEARCH_PATHS[sdk=macosx*]" = "@executable_path/../Frameworks";
				MACOSX_DEPLOYMENT_TARGET = 14.0;
				MARKETING_VERSION = 1.0;
				PRODUCT_BUNDLE_IDENTIFIER = net.libsystem.BigBang;
				PRODUCT_NAME = "$(TARGET_NAME)";
				SDKROOT = auto;
				SUPPORTED_PLATFORMS = "iphoneos iphonesimulator macosx";
				SWIFT_EMIT_LOC_STRINGS = YES;
				SWIFT_VERSION = 5.0;
				TARGETED_DEVICE_FAMILY = "1,2";
			};
			name = Release;
		};
		493AB0462B9F5ACA00156120 /* Debug */ = {
			isa = XCBuildConfiguration;
			buildSettings = {
				ALWAYS_EMBED_SWIFT_STANDARD_LIBRARIES = YES;
				BUNDLE_LOADER = "$(TEST_HOST)";
				CODE_SIGN_STYLE = Automatic;
				CURRENT_PROJECT_VERSION = 1;
				GENERATE_INFOPLIST_FILE = YES;
				IPHONEOS_DEPLOYMENT_TARGET = 17.4;
				MACOSX_DEPLOYMENT_TARGET = 14.4;
				MARKETING_VERSION = 1.0;
				PRODUCT_BUNDLE_IDENTIFIER = net.libsystem.BigBangTests;
				PRODUCT_NAME = "$(TARGET_NAME)";
				SDKROOT = auto;
				SUPPORTED_PLATFORMS = "iphoneos iphonesimulator macosx";
				SWIFT_EMIT_LOC_STRINGS = NO;
				SWIFT_VERSION = 5.0;
				TARGETED_DEVICE_FAMILY = "1,2";
				TEST_HOST = "$(BUILT_PRODUCTS_DIR)/BigBang.app/$(BUNDLE_EXECUTABLE_FOLDER_PATH)/BigBang";
			};
			name = Debug;
		};
		493AB0472B9F5ACA00156120 /* Release */ = {
			isa = XCBuildConfiguration;
			buildSettings = {
				ALWAYS_EMBED_SWIFT_STANDARD_LIBRARIES = YES;
				BUNDLE_LOADER = "$(TEST_HOST)";
				CODE_SIGN_STYLE = Automatic;
				CURRENT_PROJECT_VERSION = 1;
				GENERATE_INFOPLIST_FILE = YES;
				IPHONEOS_DEPLOYMENT_TARGET = 17.4;
				MACOSX_DEPLOYMENT_TARGET = 14.4;
				MARKETING_VERSION = 1.0;
				PRODUCT_BUNDLE_IDENTIFIER = net.libsystem.BigBangTests;
				PRODUCT_NAME = "$(TARGET_NAME)";
				SDKROOT = auto;
				SUPPORTED_PLATFORMS = "iphoneos iphonesimulator macosx";
				SWIFT_EMIT_LOC_STRINGS = NO;
				SWIFT_VERSION = 5.0;
				TARGETED_DEVICE_FAMILY = "1,2";
				TEST_HOST = "$(BUILT_PRODUCTS_DIR)/BigBang.app/$(BUNDLE_EXECUTABLE_FOLDER_PATH)/BigBang";
			};
			name = Release;
		};
		493AB0492B9F5ACA00156120 /* Debug */ = {
			isa = XCBuildConfiguration;
			buildSettings = {
				ALWAYS_EMBED_SWIFT_STANDARD_LIBRARIES = YES;
				CODE_SIGN_STYLE = Automatic;
				CURRENT_PROJECT_VERSION = 1;
				GENERATE_INFOPLIST_FILE = YES;
				IPHONEOS_DEPLOYMENT_TARGET = 17.4;
				MACOSX_DEPLOYMENT_TARGET = 14.4;
				MARKETING_VERSION = 1.0;
				PRODUCT_BUNDLE_IDENTIFIER = net.libsystem.BigBangUITests;
				PRODUCT_NAME = "$(TARGET_NAME)";
				SDKROOT = auto;
				SUPPORTED_PLATFORMS = "iphoneos iphonesimulator macosx";
				SWIFT_EMIT_LOC_STRINGS = NO;
				SWIFT_VERSION = 5.0;
				TARGETED_DEVICE_FAMILY = "1,2";
				TEST_TARGET_NAME = BigBang;
			};
			name = Debug;
		};
		493AB04A2B9F5ACA00156120 /* Release */ = {
			isa = XCBuildConfiguration;
			buildSettings = {
				ALWAYS_EMBED_SWIFT_STANDARD_LIBRARIES = YES;
				CODE_SIGN_STYLE = Automatic;
				CURRENT_PROJECT_VERSION = 1;
				GENERATE_INFOPLIST_FILE = YES;
				IPHONEOS_DEPLOYMENT_TARGET = 17.4;
				MACOSX_DEPLOYMENT_TARGET = 14.4;
				MARKETING_VERSION = 1.0;
				PRODUCT_BUNDLE_IDENTIFIER = net.libsystem.BigBangUITests;
				PRODUCT_NAME = "$(TARGET_NAME)";
				SDKROOT = auto;
				SUPPORTED_PLATFORMS = "iphoneos iphonesimulator macosx";
				SWIFT_EMIT_LOC_STRINGS = NO;
				SWIFT_VERSION = 5.0;
				TARGETED_DEVICE_FAMILY = "1,2";
				TEST_TARGET_NAME = BigBang;
			};
			name = Release;
		};
/* End XCBuildConfiguration section */

/* Begin XCConfigurationList section */
		493AB0162B9F5AC800156120 /* Build configuration list for PBXProject "BigBang" */ = {
			isa = XCConfigurationList;
			buildConfigurations = (
				493AB0402B9F5ACA00156120 /* Debug */,
				493AB0412B9F5ACA00156120 /* Release */,
			);
			defaultConfigurationIsVisible = 0;
			defaultConfigurationName = Release;
		};
		493AB0422B9F5ACA00156120 /* Build configuration list for PBXNativeTarget "BigBang" */ = {
			isa = XCConfigurationList;
			buildConfigurations = (
				493AB0432B9F5ACA00156120 /* Debug */,
				493AB0442B9F5ACA00156120 /* Release */,
			);
			defaultConfigurationIsVisible = 0;
			defaultConfigurationName = Release;
		};
		493AB0452B9F5ACA00156120 /* Build configuration list for PBXNativeTarget "BigBangTests" */ = {
			isa = XCConfigurationList;
			buildConfigurations = (
				493AB0462B9F5ACA00156120 /* Debug */,
				493AB0472B9F5ACA00156120 /* Release */,
			);
			defaultConfigurationIsVisible = 0;
			defaultConfigurationName = Release;
		};
		493AB0482B9F5ACA00156120 /* Build configuration list for PBXNativeTarget "BigBangUITests" */ = {
			isa = XCConfigurationList;
			buildConfigurations = (
				493AB0492B9F5ACA00156120 /* Debug */,
				493AB04A2B9F5ACA00156120 /* Release */,
			);
			defaultConfigurationIsVisible = 0;
			defaultConfigurationName = Release;
		};
/* End XCConfigurationList section */
	};
	rootObject = 493AB0132B9F5AC800156120 /* Project object */;
}
